// !$*UTF8*$!
{
	archiveVersion = 1;
	classes = {
	};
	objectVersion = 46;
	objects = {

/* Begin PBXBuildFile section */
		1A65C0B8CB06FDF947EA5B94 /* TodoApp.swift in Sources */ = {isa = PBXBuildFile; fileRef = 1A65C198E2E138E5B1B03478 /* TodoApp.swift */; };
		1A65C11052E6F16BCA5B4184 /* ContentView.swift in Sources */ = {isa = PBXBuildFile; fileRef = 1A65C74B0A4A20F069D09AEF /* ContentView.swift */; };
		1A65C1B13993A972C080AD9F /* Color+Extension.swift in Sources */ = {isa = PBXBuildFile; fileRef = 1A65C877DA03101374742E81 /* Color+Extension.swift */; };
		1A65C24D00E24341E27C83C3 /* TodoUITestsLaunchTests.swift in Sources */ = {isa = PBXBuildFile; fileRef = 1A65C11A98D35E4AFB40C370 /* TodoUITestsLaunchTests.swift */; };
		1A65C3EFE4DBD5C8ECF4934A /* UserView.swift in Sources */ = {isa = PBXBuildFile; fileRef = 1A65C09E807367F518BDBCDC /* UserView.swift */; };
		1A65C5D682340112DE88B7E8 /* TodoTests.swift in Sources */ = {isa = PBXBuildFile; fileRef = 1A65C07FF74EC8F06C9BE5C7 /* TodoTests.swift */; };
		1A65C662B3293F2873A79807 /* CheckBox.swift in Sources */ = {isa = PBXBuildFile; fileRef = 1A65C79BE519772B1E7D6991 /* CheckBox.swift */; };
		1A65C711D4E609F018F1CC74 /* Preview Assets.xcassets in Resources */ = {isa = PBXBuildFile; fileRef = 1A65CFD3B635DFD3717E7CA7 /* Preview Assets.xcassets */; };
		1A65C7CFD30F792CC4683D96 /* TodoUITests.swift in Sources */ = {isa = PBXBuildFile; fileRef = 1A65C27C210FA687A42B8A95 /* TodoUITests.swift */; };
		1A65C99AADCD2501C176E373 /* Assets.xcassets in Resources */ = {isa = PBXBuildFile; fileRef = 1A65CED2101EFB10CD09CB8B /* Assets.xcassets */; };
		1A65CBB0D633EA297F56E8BA /* Todo.xcdatamodeld in Sources */ = {isa = PBXBuildFile; fileRef = 1A65C9635DB9E123566D8D0C /* Todo.xcdatamodeld */; };
		1A65CC769769F236535F0BEB /* Persistence.swift in Sources */ = {isa = PBXBuildFile; fileRef = 1A65C52DC56D0C9873294C9E /* Persistence.swift */; };
		1A65CDF432AC9B816E4EEFB4 /* CategoryImage.swift in Sources */ = {isa = PBXBuildFile; fileRef = 1A65CD9CB09C86367FC1FF67 /* CategoryImage.swift */; };
/* End PBXBuildFile section */

/* Begin PBXContainerItemProxy section */
		1A65C7E20E2E841A73BE2C1B /* PBXContainerItemProxy */ = {
			isa = PBXContainerItemProxy;
			containerPortal = 1A65CBDDDA39E2760538B82D /* Project object */;
			proxyType = 1;
			remoteGlobalIDString = 1A65CA55DDA340C1687A19CB;
			remoteInfo = Todo;
		};
		1A65CF5F6937BE0C18AA91C0 /* PBXContainerItemProxy */ = {
			isa = PBXContainerItemProxy;
			containerPortal = 1A65CBDDDA39E2760538B82D /* Project object */;
			proxyType = 1;
			remoteGlobalIDString = 1A65CA55DDA340C1687A19CB;
			remoteInfo = Todo;
		};
/* End PBXContainerItemProxy section */

/* Begin PBXFileReference section */
		1A65C07FF74EC8F06C9BE5C7 /* TodoTests.swift */ = {isa = PBXFileReference; lastKnownFileType = sourcecode.swift; path = TodoTests.swift; sourceTree = "<group>"; };
		1A65C09E807367F518BDBCDC /* UserView.swift */ = {isa = PBXFileReference; fileEncoding = 4; lastKnownFileType = sourcecode.swift; path = UserView.swift; sourceTree = "<group>"; };
		1A65C11A98D35E4AFB40C370 /* TodoUITestsLaunchTests.swift */ = {isa = PBXFileReference; lastKnownFileType = sourcecode.swift; path = TodoUITestsLaunchTests.swift; sourceTree = "<group>"; };
		1A65C198E2E138E5B1B03478 /* TodoApp.swift */ = {isa = PBXFileReference; lastKnownFileType = sourcecode.swift; path = TodoApp.swift; sourceTree = "<group>"; };
		1A65C27C210FA687A42B8A95 /* TodoUITests.swift */ = {isa = PBXFileReference; lastKnownFileType = sourcecode.swift; path = TodoUITests.swift; sourceTree = "<group>"; };
		1A65C5271BDA87814DD5F98E /* Todo.xcdatamodel */ = {isa = PBXFileReference; lastKnownFileType = wrapper.xcdatamodel; path = Todo.xcdatamodel; sourceTree = "<group>"; };
		1A65C52DC56D0C9873294C9E /* Persistence.swift */ = {isa = PBXFileReference; lastKnownFileType = sourcecode.swift; path = Persistence.swift; sourceTree = "<group>"; };
		1A65C74B0A4A20F069D09AEF /* ContentView.swift */ = {isa = PBXFileReference; lastKnownFileType = sourcecode.swift; path = ContentView.swift; sourceTree = "<group>"; };
		1A65C79BE519772B1E7D6991 /* CheckBox.swift */ = {isa = PBXFileReference; fileEncoding = 4; lastKnownFileType = sourcecode.swift; path = CheckBox.swift; sourceTree = "<group>"; };
		1A65C877DA03101374742E81 /* Color+Extension.swift */ = {isa = PBXFileReference; fileEncoding = 4; lastKnownFileType = sourcecode.swift; path = "Color+Extension.swift"; sourceTree = "<group>"; };
		1A65C87DCC7D8E31D18DA8F9 /* Todo.app */ = {isa = PBXFileReference; explicitFileType = wrapper.application; includeInIndex = 0; path = Todo.app; sourceTree = BUILT_PRODUCTS_DIR; };
		1A65CA8DC0DA69B8211FEFDE /* TodoUITests.xctest */ = {isa = PBXFileReference; explicitFileType = wrapper.cfbundle; includeInIndex = 0; path = TodoUITests.xctest; sourceTree = BUILT_PRODUCTS_DIR; };
		1A65CB6147CDD67CF5456541 /* TodoTests.xctest */ = {isa = PBXFileReference; explicitFileType = wrapper.cfbundle; includeInIndex = 0; path = TodoTests.xctest; sourceTree = BUILT_PRODUCTS_DIR; };
		1A65CD9CB09C86367FC1FF67 /* CategoryImage.swift */ = {isa = PBXFileReference; fileEncoding = 4; lastKnownFileType = sourcecode.swift; path = CategoryImage.swift; sourceTree = "<group>"; };
		1A65CED2101EFB10CD09CB8B /* Assets.xcassets */ = {isa = PBXFileReference; lastKnownFileType = folder.assetcatalog; path = Assets.xcassets; sourceTree = "<group>"; };
		1A65CFD3B635DFD3717E7CA7 /* Preview Assets.xcassets */ = {isa = PBXFileReference; lastKnownFileType = folder.assetcatalog; path = "Preview Assets.xcassets"; sourceTree = "<group>"; };
/* End PBXFileReference section */

/* Begin PBXFrameworksBuildPhase section */
		1A65C434F987D6D3BC8F7F22 /* Frameworks */ = {
			isa = PBXFrameworksBuildPhase;
			buildActionMask = 2147483647;
			files = (
			);
			runOnlyForDeploymentPostprocessing = 0;
		};
		1A65C79A53B3C91B8BCD4BCA /* Frameworks */ = {
			isa = PBXFrameworksBuildPhase;
			buildActionMask = 2147483647;
			files = (
			);
			runOnlyForDeploymentPostprocessing = 0;
		};
		1A65CCAE4507ACF310F044F8 /* Frameworks */ = {
			isa = PBXFrameworksBuildPhase;
			buildActionMask = 2147483647;
			files = (
			);
			runOnlyForDeploymentPostprocessing = 0;
		};
/* End PBXFrameworksBuildPhase section */

/* Begin PBXGroup section */
		1A65C4CBF692C861F5997B4D /* Todo */ = {
			isa = PBXGroup;
			children = (
				1A65CED2101EFB10CD09CB8B /* Assets.xcassets */,
				1A65C66967ACCE8EDBB3428D /* Preview Content */,
				1A65C198E2E138E5B1B03478 /* TodoApp.swift */,
				1A65C74B0A4A20F069D09AEF /* ContentView.swift */,
				1A65C52DC56D0C9873294C9E /* Persistence.swift */,
				1A65C9635DB9E123566D8D0C /* Todo.xcdatamodeld */,
				1A65CD9CB09C86367FC1FF67 /* CategoryImage.swift */,
				1A65C79BE519772B1E7D6991 /* CheckBox.swift */,
				1A65C564CAA0B33072E1A944 /* Extension */,
				1A65C09E807367F518BDBCDC /* UserView.swift */,
			);
			path = Todo;
			sourceTree = "<group>";
		};
		1A65C564CAA0B33072E1A944 /* Extension */ = {
			isa = PBXGroup;
			children = (
				1A65C877DA03101374742E81 /* Color+Extension.swift */,
			);
			path = Extension;
			sourceTree = "<group>";
		};
		1A65C66967ACCE8EDBB3428D /* Preview Content */ = {
			isa = PBXGroup;
			children = (
				1A65CFD3B635DFD3717E7CA7 /* Preview Assets.xcassets */,
			);
			path = "Preview Content";
			sourceTree = "<group>";
		};
		1A65C709F93A35AB1F371048 = {
			isa = PBXGroup;
			children = (
				1A65CF119EE422CD673AC0D4 /* Products */,
				1A65C4CBF692C861F5997B4D /* Todo */,
				1A65CB6A7E9D7F44CDFDFBF9 /* TodoTests */,
				1A65C8E0EAC107472E25E7F7 /* TodoUITests */,
			);
			sourceTree = "<group>";
		};
		1A65C8E0EAC107472E25E7F7 /* TodoUITests */ = {
			isa = PBXGroup;
			children = (
				1A65C27C210FA687A42B8A95 /* TodoUITests.swift */,
				1A65C11A98D35E4AFB40C370 /* TodoUITestsLaunchTests.swift */,
			);
			path = TodoUITests;
			sourceTree = "<group>";
		};
		1A65CB6A7E9D7F44CDFDFBF9 /* TodoTests */ = {
			isa = PBXGroup;
			children = (
				1A65C07FF74EC8F06C9BE5C7 /* TodoTests.swift */,
			);
			path = TodoTests;
			sourceTree = "<group>";
		};
		1A65CF119EE422CD673AC0D4 /* Products */ = {
			isa = PBXGroup;
			children = (
				1A65C87DCC7D8E31D18DA8F9 /* Todo.app */,
				1A65CB6147CDD67CF5456541 /* TodoTests.xctest */,
				1A65CA8DC0DA69B8211FEFDE /* TodoUITests.xctest */,
			);
			name = Products;
			sourceTree = "<group>";
		};
/* End PBXGroup section */

/* Begin PBXNativeTarget section */
		1A65C39E788F73E315D027C4 /* TodoUITests */ = {
			isa = PBXNativeTarget;
			buildConfigurationList = 1A65CC78BFDAD5689C9D332C /* Build configuration list for PBXNativeTarget "TodoUITests" */;
			buildPhases = (
				1A65CC95415C31C83D3274EF /* Sources */,
				1A65CCAE4507ACF310F044F8 /* Frameworks */,
				1A65C4C57C62BB00FA8A78B3 /* Resources */,
			);
			buildRules = (
			);
			dependencies = (
				1A65C9DB0D27C40892E95E3B /* PBXTargetDependency */,
			);
			name = TodoUITests;
			productName = TodoUITests;
			productReference = 1A65CA8DC0DA69B8211FEFDE /* TodoUITests.xctest */;
			productType = "com.apple.product-type.bundle.ui-testing";
		};
		1A65C8CCD3A959E8AE06D4F5 /* TodoTests */ = {
			isa = PBXNativeTarget;
			buildConfigurationList = 1A65C4F90A75C69E0EFE0D5C /* Build configuration list for PBXNativeTarget "TodoTests" */;
			buildPhases = (
				1A65C86A4ECF7F0EF747962A /* Sources */,
				1A65C79A53B3C91B8BCD4BCA /* Frameworks */,
				1A65C2A08306778AA9BC83B1 /* Resources */,
			);
			buildRules = (
			);
			dependencies = (
				1A65C8FD48DF9FBA5F107715 /* PBXTargetDependency */,
			);
			name = TodoTests;
			productName = TodoTests;
			productReference = 1A65CB6147CDD67CF5456541 /* TodoTests.xctest */;
			productType = "com.apple.product-type.bundle.unit-test";
		};
		1A65CA55DDA340C1687A19CB /* Todo */ = {
			isa = PBXNativeTarget;
			buildConfigurationList = 1A65C2F48BDE0827EDAA6DC5 /* Build configuration list for PBXNativeTarget "Todo" */;
			buildPhases = (
				1A65C5AD4D5FCB60CD7764FA /* Sources */,
				1A65C434F987D6D3BC8F7F22 /* Frameworks */,
				1A65C36E25A4D1AFFA512AF1 /* Resources */,
			);
			buildRules = (
			);
			dependencies = (
			);
			name = Todo;
			productName = Todo;
			productReference = 1A65C87DCC7D8E31D18DA8F9 /* Todo.app */;
			productType = "com.apple.product-type.application";
		};
/* End PBXNativeTarget section */

/* Begin PBXProject section */
		1A65CBDDDA39E2760538B82D /* Project object */ = {
			isa = PBXProject;
			attributes = {
				LastUpgradeCheck = 1320;
			};
			buildConfigurationList = 1A65CD783B35506903AA54FA /* Build configuration list for PBXProject "Todo" */;
			compatibilityVersion = "Xcode 3.2";
			developmentRegion = English;
			hasScannedForEncodings = 0;
			knownRegions = (
				English,
				en,
			);
			mainGroup = 1A65C709F93A35AB1F371048;
			productRefGroup = 1A65CF119EE422CD673AC0D4 /* Products */;
			projectDirPath = "";
			projectRoot = "";
			targets = (
				1A65CA55DDA340C1687A19CB /* Todo */,
				1A65C8CCD3A959E8AE06D4F5 /* TodoTests */,
				1A65C39E788F73E315D027C4 /* TodoUITests */,
			);
		};
/* End PBXProject section */

/* Begin PBXResourcesBuildPhase section */
		1A65C2A08306778AA9BC83B1 /* Resources */ = {
			isa = PBXResourcesBuildPhase;
			buildActionMask = 2147483647;
			files = (
			);
			runOnlyForDeploymentPostprocessing = 0;
		};
		1A65C36E25A4D1AFFA512AF1 /* Resources */ = {
			isa = PBXResourcesBuildPhase;
			buildActionMask = 2147483647;
			files = (
				1A65C99AADCD2501C176E373 /* Assets.xcassets in Resources */,
				1A65C711D4E609F018F1CC74 /* Preview Assets.xcassets in Resources */,
			);
			runOnlyForDeploymentPostprocessing = 0;
		};
		1A65C4C57C62BB00FA8A78B3 /* Resources */ = {
			isa = PBXResourcesBuildPhase;
			buildActionMask = 2147483647;
			files = (
			);
			runOnlyForDeploymentPostprocessing = 0;
		};
/* End PBXResourcesBuildPhase section */

/* Begin PBXSourcesBuildPhase section */
		1A65C5AD4D5FCB60CD7764FA /* Sources */ = {
			isa = PBXSourcesBuildPhase;
			buildActionMask = 2147483647;
			files = (
				1A65C0B8CB06FDF947EA5B94 /* TodoApp.swift in Sources */,
				1A65C11052E6F16BCA5B4184 /* ContentView.swift in Sources */,
				1A65CC769769F236535F0BEB /* Persistence.swift in Sources */,
				1A65CBB0D633EA297F56E8BA /* Todo.xcdatamodeld in Sources */,
				1A65CDF432AC9B816E4EEFB4 /* CategoryImage.swift in Sources */,
				1A65C662B3293F2873A79807 /* CheckBox.swift in Sources */,
				1A65C1B13993A972C080AD9F /* Color+Extension.swift in Sources */,
				1A65C3EFE4DBD5C8ECF4934A /* UserView.swift in Sources */,
			);
			runOnlyForDeploymentPostprocessing = 0;
		};
		1A65C86A4ECF7F0EF747962A /* Sources */ = {
			isa = PBXSourcesBuildPhase;
			buildActionMask = 2147483647;
			files = (
				1A65C5D682340112DE88B7E8 /* TodoTests.swift in Sources */,
			);
			runOnlyForDeploymentPostprocessing = 0;
		};
		1A65CC95415C31C83D3274EF /* Sources */ = {
			isa = PBXSourcesBuildPhase;
			buildActionMask = 2147483647;
			files = (
				1A65C7CFD30F792CC4683D96 /* TodoUITests.swift in Sources */,
				1A65C24D00E24341E27C83C3 /* TodoUITestsLaunchTests.swift in Sources */,
			);
			runOnlyForDeploymentPostprocessing = 0;
		};
/* End PBXSourcesBuildPhase section */

/* Begin PBXTargetDependency section */
		1A65C8FD48DF9FBA5F107715 /* PBXTargetDependency */ = {
			isa = PBXTargetDependency;
			target = 1A65CA55DDA340C1687A19CB /* Todo */;
			targetProxy = 1A65CF5F6937BE0C18AA91C0 /* PBXContainerItemProxy */;
		};
		1A65C9DB0D27C40892E95E3B /* PBXTargetDependency */ = {
			isa = PBXTargetDependency;
			target = 1A65CA55DDA340C1687A19CB /* Todo */;
			targetProxy = 1A65C7E20E2E841A73BE2C1B /* PBXContainerItemProxy */;
		};
/* End PBXTargetDependency section */

/* Begin XCBuildConfiguration section */
		1A65C0344C2F7D366054204A /* Release */ = {
			isa = XCBuildConfiguration;
			buildSettings = {
				ALWAYS_SEARCH_USER_PATHS = NO;
				CLANG_ANALYZER_LOCALIZABILITY_NONLOCALIZED = YES;
				CLANG_ANALYZER_NONNULL = YES;
				CLANG_ANALYZER_NUMBER_OBJECT_CONVERSION = YES_AGGRESSIVE;
				CLANG_CXX_LANGUAGE_STANDARD = "gnu++17";
				CLANG_CXX_LIBRARY = "libc++";
				CLANG_ENABLE_MODULES = YES;
				CLANG_ENABLE_OBJC_ARC = YES;
				CLANG_ENABLE_OBJC_WEAK = YES;
				CLANG_WARN_BLOCK_CAPTURE_AUTORELEASING = YES;
				CLANG_WARN_BOOL_CONVERSION = YES;
				CLANG_WARN_COMMA = YES;
				CLANG_WARN_CONSTANT_CONVERSION = YES;
				CLANG_WARN_DEPRECATED_OBJC_IMPLEMENTATIONS = YES;
				CLANG_WARN_DIRECT_OBJC_ISA_USAGE = YES_ERROR;
				CLANG_WARN_DOCUMENTATION_COMMENTS = YES;
				CLANG_WARN_EMPTY_BODY = YES;
				CLANG_WARN_ENUM_CONVERSION = YES;
				CLANG_WARN_INFINITE_RECURSION = YES;
				CLANG_WARN_INT_CONVERSION = YES;
				CLANG_WARN_NON_LITERAL_NULL_CONVERSION = YES;
				CLANG_WARN_OBJC_IMPLICIT_RETAIN_SELF = YES;
				CLANG_WARN_OBJC_LITERAL_CONVERSION = YES;
				CLANG_WARN_OBJC_ROOT_CLASS = YES_ERROR;
				CLANG_WARN_QUOTED_INCLUDE_IN_FRAMEWORK_HEADER = YES;
				CLANG_WARN_RANGE_LOOP_ANALYSIS = YES;
				CLANG_WARN_STRICT_PROTOTYPES = YES;
				CLANG_WARN_SUSPICIOUS_MOVE = YES;
				CLANG_WARN_UNGUARDED_AVAILABILITY = YES_AGGRESSIVE;
				CLANG_WARN_UNREACHABLE_CODE = YES;
				CLANG_WARN__DUPLICATE_METHOD_MATCH = YES;
				COPY_PHASE_STRIP = NO;
				DEBUG_INFORMATION_FORMAT = "dwarf-with-dsym";
				ENABLE_NS_ASSERTIONS = NO;
				ENABLE_STRICT_OBJC_MSGSEND = YES;
				GCC_C_LANGUAGE_STANDARD = gnu11;
				GCC_NO_COMMON_BLOCKS = YES;
				GCC_WARN_64_TO_32_BIT_CONVERSION = YES;
				GCC_WARN_ABOUT_RETURN_TYPE = YES_ERROR;
				GCC_WARN_UNDECLARED_SELECTOR = YES;
				GCC_WARN_UNINITIALIZED_AUTOS = YES_AGGRESSIVE;
				GCC_WARN_UNUSED_FUNCTION = YES;
				GCC_WARN_UNUSED_VARIABLE = YES;
				IPHONEOS_DEPLOYMENT_TARGET = 15.2;
				MTL_ENABLE_DEBUG_INFO = NO;
				MTL_FAST_MATH = YES;
				SDKROOT = iphoneos;
				SWIFT_OPTIMIZATION_LEVEL = "-Owholemodule";
				VALIDATE_PRODUCT = YES;
			};
			name = Release;
		};
		1A65C39748CB0FBDB431B68D /* Release */ = {
			isa = XCBuildConfiguration;
			buildSettings = {
				BUNDLE_LOADER = "$(BUILT_PRODUCTS_DIR)/Todo.app/Todo";
				CURRENT_PROJECT_VERSION = 1;
				GENERATE_INFOPLIST_FILE = YES;
				MARKETING_VERSION = 1.0;
				PRODUCT_BUNDLE_IDENTIFIER = com.github.izumix03.TodoTests;
				PRODUCT_NAME = "$(TARGET_NAME)";
				SWIFT_EMIT_LOC_STRINGS = NO;
				SWIFT_VERSION = 5.0;
				TARGETED_DEVICE_FAMILY = "1,2";
				TEST_HOST = "$(BUNDLE_LOADER)";
			};
			name = Release;
		};
		1A65C65EBF8D0554EBFD2B46 /* Debug */ = {
			isa = XCBuildConfiguration;
			buildSettings = {
				ASSETCATALOG_COMPILER_APPICON_NAME = AppIcon;
				ASSETCATALOG_COMPILER_GLOBAL_ACCENT_COLOR_NAME = AccentColor;
				CURRENT_PROJECT_VERSION = 1;
				DEVELOPMENT_ASSET_PATHS = "\"Todo/Preview Content\"";
				ENABLE_PREVIEWS = YES;
				GENERATE_INFOPLIST_FILE = YES;
				INFOPLIST_KEY_UIApplicationSceneManifest_Generation = YES;
				INFOPLIST_KEY_UIApplicationSupportsIndirectInputEvents = YES;
				INFOPLIST_KEY_UILaunchScreen_Generation = YES;
				INFOPLIST_KEY_UISupportedInterfaceOrientations = UIInterfaceOrientationPortrait;
				INFOPLIST_KEY_UISupportedInterfaceOrientations_iPad = "UIInterfaceOrientationPortrait UIInterfaceOrientationPortraitUpsideDown UIInterfaceOrientationLandscapeLeft UIInterfaceOrientationLandscapeRight";
				INFOPLIST_KEY_UISupportedInterfaceOrientations_iPhone = "UIInterfaceOrientationPortrait UIInterfaceOrientationLandscapeLeft UIInterfaceOrientationLandscapeRight";
				LD_RUNPATH_SEARCH_PATHS = "$(inherited) @executable_path/Frameworks";
				MARKETING_VERSION = 1.0;
				PRODUCT_BUNDLE_IDENTIFIER = com.github.izumix03.Todo;
				PRODUCT_NAME = "$(TARGET_NAME)";
				SWIFT_EMIT_LOC_STRINGS = YES;
				SWIFT_VERSION = 5.0;
				TARGETED_DEVICE_FAMILY = "1,2";
			};
			name = Debug;
		};
		1A65C8139B777C48B5560214 /* Debug */ = {
			isa = XCBuildConfiguration;
			buildSettings = {
				ALWAYS_SEARCH_USER_PATHS = NO;
				CLANG_ANALYZER_LOCALIZABILITY_NONLOCALIZED = YES;
				CLANG_ANALYZER_NONNULL = YES;
				CLANG_ANALYZER_NUMBER_OBJECT_CONVERSION = YES_AGGRESSIVE;
				CLANG_CXX_LANGUAGE_STANDARD = "gnu++17";
				CLANG_CXX_LIBRARY = "libc++";
				CLANG_ENABLE_MODULES = YES;
				CLANG_ENABLE_OBJC_ARC = YES;
				CLANG_ENABLE_OBJC_WEAK = YES;
				CLANG_WARN_BLOCK_CAPTURE_AUTORELEASING = YES;
				CLANG_WARN_BOOL_CONVERSION = YES;
				CLANG_WARN_COMMA = YES;
				CLANG_WARN_CONSTANT_CONVERSION = YES;
				CLANG_WARN_DEPRECATED_OBJC_IMPLEMENTATIONS = YES;
				CLANG_WARN_DIRECT_OBJC_ISA_USAGE = YES_ERROR;
				CLANG_WARN_DOCUMENTATION_COMMENTS = YES;
				CLANG_WARN_EMPTY_BODY = YES;
				CLANG_WARN_ENUM_CONVERSION = YES;
				CLANG_WARN_INFINITE_RECURSION = YES;
				CLANG_WARN_INT_CONVERSION = YES;
				CLANG_WARN_NON_LITERAL_NULL_CONVERSION = YES;
				CLANG_WARN_OBJC_IMPLICIT_RETAIN_SELF = YES;
				CLANG_WARN_OBJC_LITERAL_CONVERSION = YES;
				CLANG_WARN_OBJC_ROOT_CLASS = YES_ERROR;
				CLANG_WARN_QUOTED_INCLUDE_IN_FRAMEWORK_HEADER = YES;
				CLANG_WARN_RANGE_LOOP_ANALYSIS = YES;
				CLANG_WARN_STRICT_PROTOTYPES = YES;
				CLANG_WARN_SUSPICIOUS_MOVE = YES;
				CLANG_WARN_UNGUARDED_AVAILABILITY = YES_AGGRESSIVE;
				CLANG_WARN_UNREACHABLE_CODE = YES;
				CLANG_WARN__DUPLICATE_METHOD_MATCH = YES;
				COPY_PHASE_STRIP = NO;
				DEBUG_INFORMATION_FORMAT = dwarf;
				ENABLE_STRICT_OBJC_MSGSEND = YES;
				ENABLE_TESTABILITY = YES;
				GCC_C_LANGUAGE_STANDARD = gnu11;
				GCC_DYNAMIC_NO_PIC = NO;
				GCC_NO_COMMON_BLOCKS = YES;
				GCC_OPTIMIZATION_LEVEL = 0;
				GCC_PREPROCESSOR_DEFINITIONS = (
					"DEBUG=1",
					"$(inherited)",
				);
				GCC_WARN_64_TO_32_BIT_CONVERSION = YES;
				GCC_WARN_ABOUT_RETURN_TYPE = YES_ERROR;
				GCC_WARN_UNDECLARED_SELECTOR = YES;
				GCC_WARN_UNINITIALIZED_AUTOS = YES_AGGRESSIVE;
				GCC_WARN_UNUSED_FUNCTION = YES;
				GCC_WARN_UNUSED_VARIABLE = YES;
				IPHONEOS_DEPLOYMENT_TARGET = 15.2;
				MTL_ENABLE_DEBUG_INFO = INCLUDE_SOURCE;
				MTL_FAST_MATH = YES;
				ONLY_ACTIVE_ARCH = YES;
				SDKROOT = iphoneos;
				SWIFT_ACTIVE_COMPILATION_CONDITIONS = DEBUG;
				SWIFT_OPTIMIZATION_LEVEL = "-Onone";
			};
			name = Debug;
		};
		1A65C901ABD5F5D8300A6A47 /* Debug */ = {
			isa = XCBuildConfiguration;
			buildSettings = {
				BUNDLE_LOADER = "$(BUILT_PRODUCTS_DIR)/Todo.app/Todo";
				CURRENT_PROJECT_VERSION = 1;
				GENERATE_INFOPLIST_FILE = YES;
				MARKETING_VERSION = 1.0;
				PRODUCT_BUNDLE_IDENTIFIER = com.github.izumix03.TodoTests;
				PRODUCT_NAME = "$(TARGET_NAME)";
				SWIFT_EMIT_LOC_STRINGS = NO;
				SWIFT_VERSION = 5.0;
				TARGETED_DEVICE_FAMILY = "1,2";
				TEST_HOST = "$(BUNDLE_LOADER)";
			};
			name = Debug;
		};
		1A65C97FE9E223E326D36D02 /* Release */ = {
			isa = XCBuildConfiguration;
			buildSettings = {
				ASSETCATALOG_COMPILER_APPICON_NAME = AppIcon;
				ASSETCATALOG_COMPILER_GLOBAL_ACCENT_COLOR_NAME = AccentColor;
				CURRENT_PROJECT_VERSION = 1;
				DEVELOPMENT_ASSET_PATHS = "\"Todo/Preview Content\"";
				ENABLE_PREVIEWS = YES;
				GENERATE_INFOPLIST_FILE = YES;
				INFOPLIST_KEY_UIApplicationSceneManifest_Generation = YES;
				INFOPLIST_KEY_UIApplicationSupportsIndirectInputEvents = YES;
				INFOPLIST_KEY_UILaunchScreen_Generation = YES;
				INFOPLIST_KEY_UISupportedInterfaceOrientations = UIInterfaceOrientationPortrait;
				INFOPLIST_KEY_UISupportedInterfaceOrientations_iPad = "UIInterfaceOrientationPortrait UIInterfaceOrientationPortraitUpsideDown UIInterfaceOrientationLandscapeLeft UIInterfaceOrientationLandscapeRight";
				INFOPLIST_KEY_UISupportedInterfaceOrientations_iPhone = "UIInterfaceOrientationPortrait UIInterfaceOrientationLandscapeLeft UIInterfaceOrientationLandscapeRight";
				LD_RUNPATH_SEARCH_PATHS = "$(inherited) @executable_path/Frameworks";
				MARKETING_VERSION = 1.0;
				PRODUCT_BUNDLE_IDENTIFIER = com.github.izumix03.Todo;
				PRODUCT_NAME = "$(TARGET_NAME)";
				SWIFT_EMIT_LOC_STRINGS = YES;
				SWIFT_VERSION = 5.0;
				TARGETED_DEVICE_FAMILY = "1,2";
			};
			name = Release;
		};
		1A65CE15FE3CA68A482A3A99 /* Release */ = {
			isa = XCBuildConfiguration;
			buildSettings = {
				CURRENT_PROJECT_VERSION = 1;
				GENERATE_INFOPLIST_FILE = YES;
				MARKETING_VERSION = 1.0;
				PRODUCT_BUNDLE_IDENTIFIER = com.github.izumix03.TodoUITests;
				PRODUCT_NAME = "$(TARGET_NAME)";
				SWIFT_EMIT_LOC_STRINGS = NO;
				SWIFT_VERSION = 5.0;
				TARGETED_DEVICE_FAMILY = "1,2";
				TEST_TARGET_NAME = Todo;
			};
			name = Release;
		};
		1A65CE9ABE06BC5B156067F7 /* Debug */ = {
			isa = XCBuildConfiguration;
			buildSettings = {
				CURRENT_PROJECT_VERSION = 1;
				GENERATE_INFOPLIST_FILE = YES;
				MARKETING_VERSION = 1.0;
				PRODUCT_BUNDLE_IDENTIFIER = com.github.izumix03.TodoUITests;
				PRODUCT_NAME = "$(TARGET_NAME)";
				SWIFT_EMIT_LOC_STRINGS = NO;
				SWIFT_VERSION = 5.0;
				TARGETED_DEVICE_FAMILY = "1,2";
				TEST_TARGET_NAME = Todo;
			};
			name = Debug;
		};
/* End XCBuildConfiguration section */

/* Begin XCConfigurationList section */
		1A65C2F48BDE0827EDAA6DC5 /* Build configuration list for PBXNativeTarget "Todo" */ = {
			isa = XCConfigurationList;
			buildConfigurations = (
				1A65C65EBF8D0554EBFD2B46 /* Debug */,
				1A65C97FE9E223E326D36D02 /* Release */,
			);
			defaultConfigurationIsVisible = 0;
			defaultConfigurationName = Release;
		};
		1A65C4F90A75C69E0EFE0D5C /* Build configuration list for PBXNativeTarget "TodoTests" */ = {
			isa = XCConfigurationList;
			buildConfigurations = (
				1A65C901ABD5F5D8300A6A47 /* Debug */,
				1A65C39748CB0FBDB431B68D /* Release */,
			);
			defaultConfigurationIsVisible = 0;
			defaultConfigurationName = Release;
		};
		1A65CC78BFDAD5689C9D332C /* Build configuration list for PBXNativeTarget "TodoUITests" */ = {
			isa = XCConfigurationList;
			buildConfigurations = (
				1A65CE9ABE06BC5B156067F7 /* Debug */,
				1A65CE15FE3CA68A482A3A99 /* Release */,
			);
			defaultConfigurationIsVisible = 0;
			defaultConfigurationName = Release;
		};
		1A65CD783B35506903AA54FA /* Build configuration list for PBXProject "Todo" */ = {
			isa = XCConfigurationList;
			buildConfigurations = (
				1A65C8139B777C48B5560214 /* Debug */,
				1A65C0344C2F7D366054204A /* Release */,
			);
			defaultConfigurationIsVisible = 0;
			defaultConfigurationName = Release;
		};
/* End XCConfigurationList section */

/* Begin XCVersionGroup section */
		1A65C9635DB9E123566D8D0C /* Todo.xcdatamodeld */ = {
			isa = XCVersionGroup;
			children = (
				1A65C5271BDA87814DD5F98E /* Todo.xcdatamodel */,
			);
			currentVersion = 1A65C5271BDA87814DD5F98E /* Todo.xcdatamodel */;
			path = Todo.xcdatamodeld;
			sourceTree = "<group>";
			versionGroupType = wrapper.xcdatamodel;
		};
/* End XCVersionGroup section */
	};
	rootObject = 1A65CBDDDA39E2760538B82D /* Project object */;
}
